
Microsoft Visual Studio Solution File, Format Version 12.00
# Visual Studio Version 17
VisualStudioVersion = 17.6.33829.357
MinimumVisualStudioVersion = 10.0.40219.1
Project("{9A19103F-16F7-4668-BE54-9A1E7A4F7556}") = "vampireMod", "vampireMod.csproj", "{4D85C872-7FA2-47B9-9C1C-B5459F0C69DB}"
EndProject
Global
	GlobalSection(SolutionConfigurationPlatforms) = preSolution
		Debug|Any CPU = Debug|Any CPU
		Release|Any CPU = Release|Any CPU
	EndGlobalSection
	GlobalSection(ProjectConfigurationPlatforms) = postSolution
		{4D85C872-7FA2-47B9-9C1C-B5459F0C69DB}.Debug|Any CPU.ActiveCfg = Debug|Any CPU
		{4D85C872-7FA2-47B9-9C1C-B5459F0C69DB}.Debug|Any CPU.Build.0 = Debug|Any CPU
		{4D85C872-7FA2-47B9-9C1C-B5459F0C69DB}.Release|Any CPU.ActiveCfg = Release|Any CPU
		{4D85C872-7FA2-47B9-9C1C-B5459F0C69DB}.Release|Any CPU.Build.0 = Release|Any CPU
	EndGlobalSection
	GlobalSection(SolutionProperties) = preSolution
		HideSolutionNode = FALSE
	EndGlobalSection
	GlobalSection(ExtensibilityGlobals) = postSolution
		SolutionGuid = {B846AD29-832A-4ACE-B0E8-4213D73813CE}
	EndGlobalSection
EndGlobal
